// !$*UTF8*$!
{
	archiveVersion = 1;
	classes = {
	};
	objectVersion = 46;
	objects = {

/* Begin PBXBuildFile section */
		8DEBCA041D60A7B100F83AD6 /* main.m in Sources */ = {isa = PBXBuildFile; fileRef = 8DEBCA031D60A7B100F83AD6 /* main.m */; };
		8DEBCA071D60A7B100F83AD6 /* AppDelegate.m in Sources */ = {isa = PBXBuildFile; fileRef = 8DEBCA061D60A7B100F83AD6 /* AppDelegate.m */; };
		8DEBCA0A1D60A7B100F83AD6 /* APITest.xcdatamodeld in Sources */ = {isa = PBXBuildFile; fileRef = 8DEBCA081D60A7B100F83AD6 /* APITest.xcdatamodeld */; };
		8DEBCA0D1D60A7B100F83AD6 /* ViewController.m in Sources */ = {isa = PBXBuildFile; fileRef = 8DEBCA0C1D60A7B100F83AD6 /* ViewController.m */; };
		8DEBCA101D60A7B100F83AD6 /* Main.storyboard in Resources */ = {isa = PBXBuildFile; fileRef = 8DEBCA0E1D60A7B100F83AD6 /* Main.storyboard */; };
		8DEBCA121D60A7B100F83AD6 /* Images.xcassets in Resources */ = {isa = PBXBuildFile; fileRef = 8DEBCA111D60A7B100F83AD6 /* Images.xcassets */; };
		8DEBCA151D60A7B100F83AD6 /* LaunchScreen.xib in Resources */ = {isa = PBXBuildFile; fileRef = 8DEBCA131D60A7B100F83AD6 /* LaunchScreen.xib */; };
		8DEBCA211D60A7B100F83AD6 /* APITestTests.m in Sources */ = {isa = PBXBuildFile; fileRef = 8DEBCA201D60A7B100F83AD6 /* APITestTests.m */; };
		8DEBCA4F1D60AE0100F83AD6 /* AFHTTPRequestOperation.m in Sources */ = {isa = PBXBuildFile; fileRef = 8DEBCA2D1D60AE0100F83AD6 /* AFHTTPRequestOperation.m */; };
		8DEBCA501D60AE0100F83AD6 /* AFHTTPRequestOperationManager.m in Sources */ = {isa = PBXBuildFile; fileRef = 8DEBCA2F1D60AE0100F83AD6 /* AFHTTPRequestOperationManager.m */; };
		8DEBCA511D60AE0100F83AD6 /* AFHTTPSessionManager.m in Sources */ = {isa = PBXBuildFile; fileRef = 8DEBCA311D60AE0100F83AD6 /* AFHTTPSessionManager.m */; };
		8DEBCA521D60AE0100F83AD6 /* AFNetworkReachabilityManager.m in Sources */ = {isa = PBXBuildFile; fileRef = 8DEBCA341D60AE0100F83AD6 /* AFNetworkReachabilityManager.m */; };
		8DEBCA531D60AE0100F83AD6 /* AFSecurityPolicy.m in Sources */ = {isa = PBXBuildFile; fileRef = 8DEBCA361D60AE0100F83AD6 /* AFSecurityPolicy.m */; };
		8DEBCA541D60AE0100F83AD6 /* AFURLConnectionOperation.m in Sources */ = {isa = PBXBuildFile; fileRef = 8DEBCA381D60AE0100F83AD6 /* AFURLConnectionOperation.m */; };
		8DEBCA551D60AE0100F83AD6 /* AFURLRequestSerialization.m in Sources */ = {isa = PBXBuildFile; fileRef = 8DEBCA3A1D60AE0100F83AD6 /* AFURLRequestSerialization.m */; };
		8DEBCA561D60AE0100F83AD6 /* AFURLResponseSerialization.m in Sources */ = {isa = PBXBuildFile; fileRef = 8DEBCA3C1D60AE0100F83AD6 /* AFURLResponseSerialization.m */; };
		8DEBCA571D60AE0100F83AD6 /* AFURLSessionManager.m in Sources */ = {isa = PBXBuildFile; fileRef = 8DEBCA3E1D60AE0100F83AD6 /* AFURLSessionManager.m */; };
		8DEBCA581D60AE0100F83AD6 /* AFNetworkActivityIndicatorManager.m in Sources */ = {isa = PBXBuildFile; fileRef = 8DEBCA411D60AE0100F83AD6 /* AFNetworkActivityIndicatorManager.m */; };
		8DEBCA591D60AE0100F83AD6 /* UIActivityIndicatorView+AFNetworking.m in Sources */ = {isa = PBXBuildFile; fileRef = 8DEBCA431D60AE0100F83AD6 /* UIActivityIndicatorView+AFNetworking.m */; };
		8DEBCA5A1D60AE0100F83AD6 /* UIAlertView+AFNetworking.m in Sources */ = {isa = PBXBuildFile; fileRef = 8DEBCA451D60AE0100F83AD6 /* UIAlertView+AFNetworking.m */; };
		8DEBCA5B1D60AE0100F83AD6 /* UIButton+AFNetworking.m in Sources */ = {isa = PBXBuildFile; fileRef = 8DEBCA471D60AE0100F83AD6 /* UIButton+AFNetworking.m */; };
		8DEBCA5C1D60AE0100F83AD6 /* UIImageView+AFNetworking.m in Sources */ = {isa = PBXBuildFile; fileRef = 8DEBCA491D60AE0100F83AD6 /* UIImageView+AFNetworking.m */; };
		8DEBCA5D1D60AE0100F83AD6 /* UIProgressView+AFNetworking.m in Sources */ = {isa = PBXBuildFile; fileRef = 8DEBCA4C1D60AE0100F83AD6 /* UIProgressView+AFNetworking.m */; };
		8DEBCA5E1D60AE0100F83AD6 /* UIWebView+AFNetworking.m in Sources */ = {isa = PBXBuildFile; fileRef = 8DEBCA4E1D60AE0100F83AD6 /* UIWebView+AFNetworking.m */; };
		8DEBCA611D60AF0E00F83AD6 /* DMServerManager.m in Sources */ = {isa = PBXBuildFile; fileRef = 8DEBCA601D60AF0E00F83AD6 /* DMServerManager.m */; };
/* End PBXBuildFile section */

/* Begin PBXContainerItemProxy section */
		8DEBCA1B1D60A7B100F83AD6 /* PBXContainerItemProxy */ = {
			isa = PBXContainerItemProxy;
			containerPortal = 8DEBC9F61D60A7B100F83AD6 /* Project object */;
			proxyType = 1;
			remoteGlobalIDString = 8DEBC9FD1D60A7B100F83AD6;
			remoteInfo = APITest;
		};
/* End PBXContainerItemProxy section */

/* Begin PBXFileReference section */
		8DEBC9FE1D60A7B100F83AD6 /* APITest.app */ = {isa = PBXFileReference; explicitFileType = wrapper.application; includeInIndex = 0; path = APITest.app; sourceTree = BUILT_PRODUCTS_DIR; };
		8DEBCA021D60A7B100F83AD6 /* Info.plist */ = {isa = PBXFileReference; lastKnownFileType = text.plist.xml; path = Info.plist; sourceTree = "<group>"; };
		8DEBCA031D60A7B100F83AD6 /* main.m */ = {isa = PBXFileReference; lastKnownFileType = sourcecode.c.objc; path = main.m; sourceTree = "<group>"; };
		8DEBCA051D60A7B100F83AD6 /* AppDelegate.h */ = {isa = PBXFileReference; lastKnownFileType = sourcecode.c.h; path = AppDelegate.h; sourceTree = "<group>"; };
		8DEBCA061D60A7B100F83AD6 /* AppDelegate.m */ = {isa = PBXFileReference; lastKnownFileType = sourcecode.c.objc; path = AppDelegate.m; sourceTree = "<group>"; };
		8DEBCA091D60A7B100F83AD6 /* APITest.xcdatamodel */ = {isa = PBXFileReference; lastKnownFileType = wrapper.xcdatamodel; path = APITest.xcdatamodel; sourceTree = "<group>"; };
		8DEBCA0B1D60A7B100F83AD6 /* ViewController.h */ = {isa = PBXFileReference; lastKnownFileType = sourcecode.c.h; path = ViewController.h; sourceTree = "<group>"; };
		8DEBCA0C1D60A7B100F83AD6 /* ViewController.m */ = {isa = PBXFileReference; lastKnownFileType = sourcecode.c.objc; path = ViewController.m; sourceTree = "<group>"; };
		8DEBCA0F1D60A7B100F83AD6 /* Base */ = {isa = PBXFileReference; lastKnownFileType = file.storyboard; name = Base; path = Base.lproj/Main.storyboard; sourceTree = "<group>"; };
		8DEBCA111D60A7B100F83AD6 /* Images.xcassets */ = {isa = PBXFileReference; lastKnownFileType = folder.assetcatalog; path = Images.xcassets; sourceTree = "<group>"; };
		8DEBCA141D60A7B100F83AD6 /* Base */ = {isa = PBXFileReference; lastKnownFileType = file.xib; name = Base; path = Base.lproj/LaunchScreen.xib; sourceTree = "<group>"; };
		8DEBCA1A1D60A7B100F83AD6 /* APITestTests.xctest */ = {isa = PBXFileReference; explicitFileType = wrapper.cfbundle; includeInIndex = 0; path = APITestTests.xctest; sourceTree = BUILT_PRODUCTS_DIR; };
		8DEBCA1F1D60A7B100F83AD6 /* Info.plist */ = {isa = PBXFileReference; lastKnownFileType = text.plist.xml; path = Info.plist; sourceTree = "<group>"; };
		8DEBCA201D60A7B100F83AD6 /* APITestTests.m */ = {isa = PBXFileReference; lastKnownFileType = sourcecode.c.objc; path = APITestTests.m; sourceTree = "<group>"; };
		8DEBCA2C1D60AE0100F83AD6 /* AFHTTPRequestOperation.h */ = {isa = PBXFileReference; fileEncoding = 4; lastKnownFileType = sourcecode.c.h; path = AFHTTPRequestOperation.h; sourceTree = "<group>"; };
		8DEBCA2D1D60AE0100F83AD6 /* AFHTTPRequestOperation.m */ = {isa = PBXFileReference; fileEncoding = 4; lastKnownFileType = sourcecode.c.objc; path = AFHTTPRequestOperation.m; sourceTree = "<group>"; };
		8DEBCA2E1D60AE0100F83AD6 /* AFHTTPRequestOperationManager.h */ = {isa = PBXFileReference; fileEncoding = 4; lastKnownFileType = sourcecode.c.h; path = AFHTTPRequestOperationManager.h; sourceTree = "<group>"; };
		8DEBCA2F1D60AE0100F83AD6 /* AFHTTPRequestOperationManager.m */ = {isa = PBXFileReference; fileEncoding = 4; lastKnownFileType = sourcecode.c.objc; path = AFHTTPRequestOperationManager.m; sourceTree = "<group>"; };
		8DEBCA301D60AE0100F83AD6 /* AFHTTPSessionManager.h */ = {isa = PBXFileReference; fileEncoding = 4; lastKnownFileType = sourcecode.c.h; path = AFHTTPSessionManager.h; sourceTree = "<group>"; };
		8DEBCA311D60AE0100F83AD6 /* AFHTTPSessionManager.m */ = {isa = PBXFileReference; fileEncoding = 4; lastKnownFileType = sourcecode.c.objc; path = AFHTTPSessionManager.m; sourceTree = "<group>"; };
		8DEBCA321D60AE0100F83AD6 /* AFNetworking.h */ = {isa = PBXFileReference; fileEncoding = 4; lastKnownFileType = sourcecode.c.h; path = AFNetworking.h; sourceTree = "<group>"; };
		8DEBCA331D60AE0100F83AD6 /* AFNetworkReachabilityManager.h */ = {isa = PBXFileReference; fileEncoding = 4; lastKnownFileType = sourcecode.c.h; path = AFNetworkReachabilityManager.h; sourceTree = "<group>"; };
		8DEBCA341D60AE0100F83AD6 /* AFNetworkReachabilityManager.m */ = {isa = PBXFileReference; fileEncoding = 4; lastKnownFileType = sourcecode.c.objc; path = AFNetworkReachabilityManager.m; sourceTree = "<group>"; };
		8DEBCA351D60AE0100F83AD6 /* AFSecurityPolicy.h */ = {isa = PBXFileReference; fileEncoding = 4; lastKnownFileType = sourcecode.c.h; path = AFSecurityPolicy.h; sourceTree = "<group>"; };
		8DEBCA361D60AE0100F83AD6 /* AFSecurityPolicy.m */ = {isa = PBXFileReference; fileEncoding = 4; lastKnownFileType = sourcecode.c.objc; path = AFSecurityPolicy.m; sourceTree = "<group>"; };
		8DEBCA371D60AE0100F83AD6 /* AFURLConnectionOperation.h */ = {isa = PBXFileReference; fileEncoding = 4; lastKnownFileType = sourcecode.c.h; path = AFURLConnectionOperation.h; sourceTree = "<group>"; };
		8DEBCA381D60AE0100F83AD6 /* AFURLConnectionOperation.m */ = {isa = PBXFileReference; fileEncoding = 4; lastKnownFileType = sourcecode.c.objc; path = AFURLConnectionOperation.m; sourceTree = "<group>"; };
		8DEBCA391D60AE0100F83AD6 /* AFURLRequestSerialization.h */ = {isa = PBXFileReference; fileEncoding = 4; lastKnownFileType = sourcecode.c.h; path = AFURLRequestSerialization.h; sourceTree = "<group>"; };
		8DEBCA3A1D60AE0100F83AD6 /* AFURLRequestSerialization.m */ = {isa = PBXFileReference; fileEncoding = 4; lastKnownFileType = sourcecode.c.objc; path = AFURLRequestSerialization.m; sourceTree = "<group>"; };
		8DEBCA3B1D60AE0100F83AD6 /* AFURLResponseSerialization.h */ = {isa = PBXFileReference; fileEncoding = 4; lastKnownFileType = sourcecode.c.h; path = AFURLResponseSerialization.h; sourceTree = "<group>"; };
		8DEBCA3C1D60AE0100F83AD6 /* AFURLResponseSerialization.m */ = {isa = PBXFileReference; fileEncoding = 4; lastKnownFileType = sourcecode.c.objc; path = AFURLResponseSerialization.m; sourceTree = "<group>"; };
		8DEBCA3D1D60AE0100F83AD6 /* AFURLSessionManager.h */ = {isa = PBXFileReference; fileEncoding = 4; lastKnownFileType = sourcecode.c.h; path = AFURLSessionManager.h; sourceTree = "<group>"; };
		8DEBCA3E1D60AE0100F83AD6 /* AFURLSessionManager.m */ = {isa = PBXFileReference; fileEncoding = 4; lastKnownFileType = sourcecode.c.objc; path = AFURLSessionManager.m; sourceTree = "<group>"; };
		8DEBCA401D60AE0100F83AD6 /* AFNetworkActivityIndicatorManager.h */ = {isa = PBXFileReference; fileEncoding = 4; lastKnownFileType = sourcecode.c.h; path = AFNetworkActivityIndicatorManager.h; sourceTree = "<group>"; };
		8DEBCA411D60AE0100F83AD6 /* AFNetworkActivityIndicatorManager.m */ = {isa = PBXFileReference; fileEncoding = 4; lastKnownFileType = sourcecode.c.objc; path = AFNetworkActivityIndicatorManager.m; sourceTree = "<group>"; };
		8DEBCA421D60AE0100F83AD6 /* UIActivityIndicatorView+AFNetworking.h */ = {isa = PBXFileReference; fileEncoding = 4; lastKnownFileType = sourcecode.c.h; path = "UIActivityIndicatorView+AFNetworking.h"; sourceTree = "<group>"; };
		8DEBCA431D60AE0100F83AD6 /* UIActivityIndicatorView+AFNetworking.m */ = {isa = PBXFileReference; fileEncoding = 4; lastKnownFileType = sourcecode.c.objc; path = "UIActivityIndicatorView+AFNetworking.m"; sourceTree = "<group>"; };
		8DEBCA441D60AE0100F83AD6 /* UIAlertView+AFNetworking.h */ = {isa = PBXFileReference; fileEncoding = 4; lastKnownFileType = sourcecode.c.h; path = "UIAlertView+AFNetworking.h"; sourceTree = "<group>"; };
		8DEBCA451D60AE0100F83AD6 /* UIAlertView+AFNetworking.m */ = {isa = PBXFileReference; fileEncoding = 4; lastKnownFileType = sourcecode.c.objc; path = "UIAlertView+AFNetworking.m"; sourceTree = "<group>"; };
		8DEBCA461D60AE0100F83AD6 /* UIButton+AFNetworking.h */ = {isa = PBXFileReference; fileEncoding = 4; lastKnownFileType = sourcecode.c.h; path = "UIButton+AFNetworking.h"; sourceTree = "<group>"; };
		8DEBCA471D60AE0100F83AD6 /* UIButton+AFNetworking.m */ = {isa = PBXFileReference; fileEncoding = 4; lastKnownFileType = sourcecode.c.objc; path = "UIButton+AFNetworking.m"; sourceTree = "<group>"; };
		8DEBCA481D60AE0100F83AD6 /* UIImageView+AFNetworking.h */ = {isa = PBXFileReference; fileEncoding = 4; lastKnownFileType = sourcecode.c.h; path = "UIImageView+AFNetworking.h"; sourceTree = "<group>"; };
		8DEBCA491D60AE0100F83AD6 /* UIImageView+AFNetworking.m */ = {isa = PBXFileReference; fileEncoding = 4; lastKnownFileType = sourcecode.c.objc; path = "UIImageView+AFNetworking.m"; sourceTree = "<group>"; };
		8DEBCA4A1D60AE0100F83AD6 /* UIKit+AFNetworking.h */ = {isa = PBXFileReference; fileEncoding = 4; lastKnownFileType = sourcecode.c.h; path = "UIKit+AFNetworking.h"; sourceTree = "<group>"; };
		8DEBCA4B1D60AE0100F83AD6 /* UIProgressView+AFNetworking.h */ = {isa = PBXFileReference; fileEncoding = 4; lastKnownFileType = sourcecode.c.h; path = "UIProgressView+AFNetworking.h"; sourceTree = "<group>"; };
		8DEBCA4C1D60AE0100F83AD6 /* UIProgressView+AFNetworking.m */ = {isa = PBXFileReference; fileEncoding = 4; lastKnownFileType = sourcecode.c.objc; path = "UIProgressView+AFNetworking.m"; sourceTree = "<group>"; };
		8DEBCA4D1D60AE0100F83AD6 /* UIWebView+AFNetworking.h */ = {isa = PBXFileReference; fileEncoding = 4; lastKnownFileType = sourcecode.c.h; path = "UIWebView+AFNetworking.h"; sourceTree = "<group>"; };
		8DEBCA4E1D60AE0100F83AD6 /* UIWebView+AFNetworking.m */ = {isa = PBXFileReference; fileEncoding = 4; lastKnownFileType = sourcecode.c.objc; path = "UIWebView+AFNetworking.m"; sourceTree = "<group>"; };
		8DEBCA5F1D60AF0E00F83AD6 /* DMServerManager.h */ = {isa = PBXFileReference; fileEncoding = 4; lastKnownFileType = sourcecode.c.h; path = DMServerManager.h; sourceTree = "<group>"; };
		8DEBCA601D60AF0E00F83AD6 /* DMServerManager.m */ = {isa = PBXFileReference; fileEncoding = 4; lastKnownFileType = sourcecode.c.objc; path = DMServerManager.m; sourceTree = "<group>"; };
/* End PBXFileReference section */

/* Begin PBXFrameworksBuildPhase section */
		8DEBC9FB1D60A7B100F83AD6 /* Frameworks */ = {
			isa = PBXFrameworksBuildPhase;
			buildActionMask = 2147483647;
			files = (
			);
			runOnlyForDeploymentPostprocessing = 0;
		};
		8DEBCA171D60A7B100F83AD6 /* Frameworks */ = {
			isa = PBXFrameworksBuildPhase;
			buildActionMask = 2147483647;
			files = (
			);
			runOnlyForDeploymentPostprocessing = 0;
		};
/* End PBXFrameworksBuildPhase section */

/* Begin PBXGroup section */
		8DEBC9F51D60A7B100F83AD6 = {
			isa = PBXGroup;
			children = (
				8DEBCA2A1D60AE0100F83AD6 /* LIbs */,
				8DEBCA001D60A7B100F83AD6 /* APITest */,
				8DEBCA1D1D60A7B100F83AD6 /* APITestTests */,
				8DEBC9FF1D60A7B100F83AD6 /* Products */,
			);
			sourceTree = "<group>";
		};
		8DEBC9FF1D60A7B100F83AD6 /* Products */ = {
			isa = PBXGroup;
			children = (
				8DEBC9FE1D60A7B100F83AD6 /* APITest.app */,
				8DEBCA1A1D60A7B100F83AD6 /* APITestTests.xctest */,
			);
			name = Products;
			sourceTree = "<group>";
		};
		8DEBCA001D60A7B100F83AD6 /* APITest */ = {
			isa = PBXGroup;
			children = (
				8DEBCA051D60A7B100F83AD6 /* AppDelegate.h */,
				8DEBCA061D60A7B100F83AD6 /* AppDelegate.m */,
				8DEBCA0B1D60A7B100F83AD6 /* ViewController.h */,
				8DEBCA0C1D60A7B100F83AD6 /* ViewController.m */,
				8DEBCA5F1D60AF0E00F83AD6 /* DMServerManager.h */,
				8DEBCA601D60AF0E00F83AD6 /* DMServerManager.m */,
				8DEBCA0E1D60A7B100F83AD6 /* Main.storyboard */,
				8DEBCA111D60A7B100F83AD6 /* Images.xcassets */,
				8DEBCA131D60A7B100F83AD6 /* LaunchScreen.xib */,
				8DEBCA081D60A7B100F83AD6 /* APITest.xcdatamodeld */,
				8DEBCA011D60A7B100F83AD6 /* Supporting Files */,
			);
			path = APITest;
			sourceTree = "<group>";
		};
		8DEBCA011D60A7B100F83AD6 /* Supporting Files */ = {
			isa = PBXGroup;
			children = (
				8DEBCA021D60A7B100F83AD6 /* Info.plist */,
				8DEBCA031D60A7B100F83AD6 /* main.m */,
			);
			name = "Supporting Files";
			sourceTree = "<group>";
		};
		8DEBCA1D1D60A7B100F83AD6 /* APITestTests */ = {
			isa = PBXGroup;
			children = (
				8DEBCA201D60A7B100F83AD6 /* APITestTests.m */,
				8DEBCA1E1D60A7B100F83AD6 /* Supporting Files */,
			);
			path = APITestTests;
			sourceTree = "<group>";
		};
		8DEBCA1E1D60A7B100F83AD6 /* Supporting Files */ = {
			isa = PBXGroup;
			children = (
				8DEBCA1F1D60A7B100F83AD6 /* Info.plist */,
			);
			name = "Supporting Files";
			sourceTree = "<group>";
		};
		8DEBCA2A1D60AE0100F83AD6 /* LIbs */ = {
			isa = PBXGroup;
			children = (
				8DEBCA2B1D60AE0100F83AD6 /* AFNetworking */,
				8DEBCA3F1D60AE0100F83AD6 /* UIKit+AFNetworking */,
			);
			name = LIbs;
			path = APITest/LIbs;
			sourceTree = "<group>";
		};
		8DEBCA2B1D60AE0100F83AD6 /* AFNetworking */ = {
			isa = PBXGroup;
			children = (
				8DEBCA2C1D60AE0100F83AD6 /* AFHTTPRequestOperation.h */,
				8DEBCA2D1D60AE0100F83AD6 /* AFHTTPRequestOperation.m */,
				8DEBCA2E1D60AE0100F83AD6 /* AFHTTPRequestOperationManager.h */,
				8DEBCA2F1D60AE0100F83AD6 /* AFHTTPRequestOperationManager.m */,
				8DEBCA301D60AE0100F83AD6 /* AFHTTPSessionManager.h */,
				8DEBCA311D60AE0100F83AD6 /* AFHTTPSessionManager.m */,
				8DEBCA321D60AE0100F83AD6 /* AFNetworking.h */,
				8DEBCA331D60AE0100F83AD6 /* AFNetworkReachabilityManager.h */,
				8DEBCA341D60AE0100F83AD6 /* AFNetworkReachabilityManager.m */,
				8DEBCA351D60AE0100F83AD6 /* AFSecurityPolicy.h */,
				8DEBCA361D60AE0100F83AD6 /* AFSecurityPolicy.m */,
				8DEBCA371D60AE0100F83AD6 /* AFURLConnectionOperation.h */,
				8DEBCA381D60AE0100F83AD6 /* AFURLConnectionOperation.m */,
				8DEBCA391D60AE0100F83AD6 /* AFURLRequestSerialization.h */,
				8DEBCA3A1D60AE0100F83AD6 /* AFURLRequestSerialization.m */,
				8DEBCA3B1D60AE0100F83AD6 /* AFURLResponseSerialization.h */,
				8DEBCA3C1D60AE0100F83AD6 /* AFURLResponseSerialization.m */,
				8DEBCA3D1D60AE0100F83AD6 /* AFURLSessionManager.h */,
				8DEBCA3E1D60AE0100F83AD6 /* AFURLSessionManager.m */,
			);
			path = AFNetworking;
			sourceTree = "<group>";
		};
		8DEBCA3F1D60AE0100F83AD6 /* UIKit+AFNetworking */ = {
			isa = PBXGroup;
			children = (
				8DEBCA401D60AE0100F83AD6 /* AFNetworkActivityIndicatorManager.h */,
				8DEBCA411D60AE0100F83AD6 /* AFNetworkActivityIndicatorManager.m */,
				8DEBCA421D60AE0100F83AD6 /* UIActivityIndicatorView+AFNetworking.h */,
				8DEBCA431D60AE0100F83AD6 /* UIActivityIndicatorView+AFNetworking.m */,
				8DEBCA441D60AE0100F83AD6 /* UIAlertView+AFNetworking.h */,
				8DEBCA451D60AE0100F83AD6 /* UIAlertView+AFNetworking.m */,
				8DEBCA461D60AE0100F83AD6 /* UIButton+AFNetworking.h */,
				8DEBCA471D60AE0100F83AD6 /* UIButton+AFNetworking.m */,
				8DEBCA481D60AE0100F83AD6 /* UIImageView+AFNetworking.h */,
				8DEBCA491D60AE0100F83AD6 /* UIImageView+AFNetworking.m */,
				8DEBCA4A1D60AE0100F83AD6 /* UIKit+AFNetworking.h */,
				8DEBCA4B1D60AE0100F83AD6 /* UIProgressView+AFNetworking.h */,
				8DEBCA4C1D60AE0100F83AD6 /* UIProgressView+AFNetworking.m */,
				8DEBCA4D1D60AE0100F83AD6 /* UIWebView+AFNetworking.h */,
				8DEBCA4E1D60AE0100F83AD6 /* UIWebView+AFNetworking.m */,
			);
			path = "UIKit+AFNetworking";
			sourceTree = "<group>";
		};
/* End PBXGroup section */

/* Begin PBXNativeTarget section */
		8DEBC9FD1D60A7B100F83AD6 /* APITest */ = {
			isa = PBXNativeTarget;
			buildConfigurationList = 8DEBCA241D60A7B100F83AD6 /* Build configuration list for PBXNativeTarget "APITest" */;
			buildPhases = (
				8DEBC9FA1D60A7B100F83AD6 /* Sources */,
				8DEBC9FB1D60A7B100F83AD6 /* Frameworks */,
				8DEBC9FC1D60A7B100F83AD6 /* Resources */,
			);
			buildRules = (
			);
			dependencies = (
			);
			name = APITest;
			productName = APITest;
			productReference = 8DEBC9FE1D60A7B100F83AD6 /* APITest.app */;
			productType = "com.apple.product-type.application";
		};
		8DEBCA191D60A7B100F83AD6 /* APITestTests */ = {
			isa = PBXNativeTarget;
			buildConfigurationList = 8DEBCA271D60A7B100F83AD6 /* Build configuration list for PBXNativeTarget "APITestTests" */;
			buildPhases = (
				8DEBCA161D60A7B100F83AD6 /* Sources */,
				8DEBCA171D60A7B100F83AD6 /* Frameworks */,
				8DEBCA181D60A7B100F83AD6 /* Resources */,
			);
			buildRules = (
			);
			dependencies = (
				8DEBCA1C1D60A7B100F83AD6 /* PBXTargetDependency */,
			);
			name = APITestTests;
			productName = APITestTests;
			productReference = 8DEBCA1A1D60A7B100F83AD6 /* APITestTests.xctest */;
			productType = "com.apple.product-type.bundle.unit-test";
		};
/* End PBXNativeTarget section */

/* Begin PBXProject section */
		8DEBC9F61D60A7B100F83AD6 /* Project object */ = {
			isa = PBXProject;
			attributes = {
				LastUpgradeCheck = 0620;
				ORGANIZATIONNAME = sublio;
				TargetAttributes = {
					8DEBC9FD1D60A7B100F83AD6 = {
						CreatedOnToolsVersion = 6.2;
					};
					8DEBCA191D60A7B100F83AD6 = {
						CreatedOnToolsVersion = 6.2;
						TestTargetID = 8DEBC9FD1D60A7B100F83AD6;
					};
				};
			};
			buildConfigurationList = 8DEBC9F91D60A7B100F83AD6 /* Build configuration list for PBXProject "APITest" */;
			compatibilityVersion = "Xcode 3.2";
			developmentRegion = English;
			hasScannedForEncodings = 0;
			knownRegions = (
				en,
				Base,
			);
			mainGroup = 8DEBC9F51D60A7B100F83AD6;
			productRefGroup = 8DEBC9FF1D60A7B100F83AD6 /* Products */;
			projectDirPath = "";
			projectRoot = "";
			targets = (
				8DEBC9FD1D60A7B100F83AD6 /* APITest */,
				8DEBCA191D60A7B100F83AD6 /* APITestTests */,
			);
		};
/* End PBXProject section */

/* Begin PBXResourcesBuildPhase section */
		8DEBC9FC1D60A7B100F83AD6 /* Resources */ = {
			isa = PBXResourcesBuildPhase;
			buildActionMask = 2147483647;
			files = (
				8DEBCA101D60A7B100F83AD6 /* Main.storyboard in Resources */,
				8DEBCA151D60A7B100F83AD6 /* LaunchScreen.xib in Resources */,
				8DEBCA121D60A7B100F83AD6 /* Images.xcassets in Resources */,
			);
			runOnlyForDeploymentPostprocessing = 0;
		};
		8DEBCA181D60A7B100F83AD6 /* Resources */ = {
			isa = PBXResourcesBuildPhase;
			buildActionMask = 2147483647;
			files = (
			);
			runOnlyForDeploymentPostprocessing = 0;
		};
/* End PBXResourcesBuildPhase section */

/* Begin PBXSourcesBuildPhase section */
		8DEBC9FA1D60A7B100F83AD6 /* Sources */ = {
			isa = PBXSourcesBuildPhase;
			buildActionMask = 2147483647;
			files = (
				8DEBCA5D1D60AE0100F83AD6 /* UIProgressView+AFNetworking.m in Sources */,
				8DEBCA5B1D60AE0100F83AD6 /* UIButton+AFNetworking.m in Sources */,
				8DEBCA5A1D60AE0100F83AD6 /* UIAlertView+AFNetworking.m in Sources */,
				8DEBCA0A1D60A7B100F83AD6 /* APITest.xcdatamodeld in Sources */,
				8DEBCA531D60AE0100F83AD6 /* AFSecurityPolicy.m in Sources */,
				8DEBCA071D60A7B100F83AD6 /* AppDelegate.m in Sources */,
				8DEBCA501D60AE0100F83AD6 /* AFHTTPRequestOperationManager.m in Sources */,
				8DEBCA541D60AE0100F83AD6 /* AFURLConnectionOperation.m in Sources */,
				8DEBCA5C1D60AE0100F83AD6 /* UIImageView+AFNetworking.m in Sources */,
				8DEBCA4F1D60AE0100F83AD6 /* AFHTTPRequestOperation.m in Sources */,
				8DEBCA611D60AF0E00F83AD6 /* DMServerManager.m in Sources */,
				8DEBCA591D60AE0100F83AD6 /* UIActivityIndicatorView+AFNetworking.m in Sources */,
				8DEBCA0D1D60A7B100F83AD6 /* ViewController.m in Sources */,
				8DEBCA5E1D60AE0100F83AD6 /* UIWebView+AFNetworking.m in Sources */,
				8DEBCA551D60AE0100F83AD6 /* AFURLRequestSerialization.m in Sources */,
				8DEBCA511D60AE0100F83AD6 /* AFHTTPSessionManager.m in Sources */,
				8DEBCA521D60AE0100F83AD6 /* AFNetworkReachabilityManager.m in Sources */,
				8DEBCA561D60AE0100F83AD6 /* AFURLResponseSerialization.m in Sources */,
				8DEBCA571D60AE0100F83AD6 /* AFURLSessionManager.m in Sources */,
				8DEBCA581D60AE0100F83AD6 /* AFNetworkActivityIndicatorManager.m in Sources */,
				8DEBCA041D60A7B100F83AD6 /* main.m in Sources */,
			);
			runOnlyForDeploymentPostprocessing = 0;
		};
		8DEBCA161D60A7B100F83AD6 /* Sources */ = {
			isa = PBXSourcesBuildPhase;
			buildActionMask = 2147483647;
			files = (
				8DEBCA211D60A7B100F83AD6 /* APITestTests.m in Sources */,
			);
			runOnlyForDeploymentPostprocessing = 0;
		};
/* End PBXSourcesBuildPhase section */

/* Begin PBXTargetDependency section */
		8DEBCA1C1D60A7B100F83AD6 /* PBXTargetDependency */ = {
			isa = PBXTargetDependency;
			target = 8DEBC9FD1D60A7B100F83AD6 /* APITest */;
			targetProxy = 8DEBCA1B1D60A7B100F83AD6 /* PBXContainerItemProxy */;
		};
/* End PBXTargetDependency section */

/* Begin PBXVariantGroup section */
		8DEBCA0E1D60A7B100F83AD6 /* Main.storyboard */ = {
			isa = PBXVariantGroup;
			children = (
				8DEBCA0F1D60A7B100F83AD6 /* Base */,
			);
			name = Main.storyboard;
			sourceTree = "<group>";
		};
		8DEBCA131D60A7B100F83AD6 /* LaunchScreen.xib */ = {
			isa = PBXVariantGroup;
			children = (
				8DEBCA141D60A7B100F83AD6 /* Base */,
			);
			name = LaunchScreen.xib;
			sourceTree = "<group>";
		};
/* End PBXVariantGroup section */

/* Begin XCBuildConfiguration section */
		8DEBCA221D60A7B100F83AD6 /* Debug */ = {
			isa = XCBuildConfiguration;
			buildSettings = {
				ALWAYS_SEARCH_USER_PATHS = NO;
				CLANG_CXX_LANGUAGE_STANDARD = "gnu++0x";
				CLANG_CXX_LIBRARY = "libc++";
				CLANG_ENABLE_MODULES = YES;
				CLANG_ENABLE_OBJC_ARC = YES;
				CLANG_WARN_BOOL_CONVERSION = YES;
				CLANG_WARN_CONSTANT_CONVERSION = YES;
				CLANG_WARN_DIRECT_OBJC_ISA_USAGE = YES_ERROR;
				CLANG_WARN_EMPTY_BODY = YES;
				CLANG_WARN_ENUM_CONVERSION = YES;
				CLANG_WARN_INT_CONVERSION = YES;
				CLANG_WARN_OBJC_ROOT_CLASS = YES_ERROR;
				CLANG_WARN_UNREACHABLE_CODE = YES;
				CLANG_WARN__DUPLICATE_METHOD_MATCH = YES;
				"CODE_SIGN_IDENTITY[sdk=iphoneos*]" = "iPhone Developer";
				COPY_PHASE_STRIP = NO;
				ENABLE_STRICT_OBJC_MSGSEND = YES;
				GCC_C_LANGUAGE_STANDARD = gnu99;
				GCC_DYNAMIC_NO_PIC = NO;
				GCC_OPTIMIZATION_LEVEL = 0;
				GCC_PREPROCESSOR_DEFINITIONS = (
					"DEBUG=1",
					"$(inherited)",
				);
				GCC_SYMBOLS_PRIVATE_EXTERN = NO;
				GCC_WARN_64_TO_32_BIT_CONVERSION = YES;
				GCC_WARN_ABOUT_RETURN_TYPE = YES_ERROR;
				GCC_WARN_UNDECLARED_SELECTOR = YES;
				GCC_WARN_UNINITIALIZED_AUTOS = YES_AGGRESSIVE;
				GCC_WARN_UNUSED_FUNCTION = YES;
				GCC_WARN_UNUSED_VARIABLE = YES;
				IPHONEOS_DEPLOYMENT_TARGET = 8.2;
				MTL_ENABLE_DEBUG_INFO = YES;
				ONLY_ACTIVE_ARCH = YES;
				SDKROOT = iphoneos;
			};
			name = Debug;
		};
		8DEBCA231D60A7B100F83AD6 /* Release */ = {
			isa = XCBuildConfiguration;
			buildSettings = {
				ALWAYS_SEARCH_USER_PATHS = NO;
				CLANG_CXX_LANGUAGE_STANDARD = "gnu++0x";
				CLANG_CXX_LIBRARY = "libc++";
				CLANG_ENABLE_MODULES = YES;
				CLANG_ENABLE_OBJC_ARC = YES;
				CLANG_WARN_BOOL_CONVERSION = YES;
				CLANG_WARN_CONSTANT_CONVERSION = YES;
				CLANG_WARN_DIRECT_OBJC_ISA_USAGE = YES_ERROR;
				CLANG_WARN_EMPTY_BODY = YES;
				CLANG_WARN_ENUM_CONVERSION = YES;
				CLANG_WARN_INT_CONVERSION = YES;
				CLANG_WARN_OBJC_ROOT_CLASS = YES_ERROR;
				CLANG_WARN_UNREACHABLE_CODE = YES;
				CLANG_WARN__DUPLICATE_METHOD_MATCH = YES;
				"CODE_SIGN_IDENTITY[sdk=iphoneos*]" = "iPhone Developer";
				COPY_PHASE_STRIP = NO;
				ENABLE_NS_ASSERTIONS = NO;
				ENABLE_STRICT_OBJC_MSGSEND = YES;
				GCC_C_LANGUAGE_STANDARD = gnu99;
				GCC_WARN_64_TO_32_BIT_CONVERSION = YES;
				GCC_WARN_ABOUT_RETURN_TYPE = YES_ERROR;
				GCC_WARN_UNDECLARED_SELECTOR = YES;
				GCC_WARN_UNINITIALIZED_AUTOS = YES_AGGRESSIVE;
				GCC_WARN_UNUSED_FUNCTION = YES;
				GCC_WARN_UNUSED_VARIABLE = YES;
				IPHONEOS_DEPLOYMENT_TARGET = 8.2;
				MTL_ENABLE_DEBUG_INFO = NO;
				SDKROOT = iphoneos;
				VALIDATE_PRODUCT = YES;
			};
			name = Release;
		};
		8DEBCA251D60A7B100F83AD6 /* Debug */ = {
			isa = XCBuildConfiguration;
			buildSettings = {
				ASSETCATALOG_COMPILER_APPICON_NAME = AppIcon;
				INFOPLIST_FILE = APITest/Info.plist;
				LD_RUNPATH_SEARCH_PATHS = "$(inherited) @executable_path/Frameworks";
				PRODUCT_NAME = "$(TARGET_NAME)";
			};
			name = Debug;
		};
		8DEBCA261D60A7B100F83AD6 /* Release */ = {
			isa = XCBuildConfiguration;
			buildSettings = {
				ASSETCATALOG_COMPILER_APPICON_NAME = AppIcon;
				INFOPLIST_FILE = APITest/Info.plist;
				LD_RUNPATH_SEARCH_PATHS = "$(inherited) @executable_path/Frameworks";
				PRODUCT_NAME = "$(TARGET_NAME)";
			};
			name = Release;
		};
		8DEBCA281D60A7B100F83AD6 /* Debug */ = {
			isa = XCBuildConfiguration;
			buildSettings = {
				BUNDLE_LOADER = "$(TEST_HOST)";
				FRAMEWORK_SEARCH_PATHS = (
					"$(SDKROOT)/Developer/Library/Frameworks",
					"$(inherited)",
				);
				GCC_PREPROCESSOR_DEFINITIONS = (
					"DEBUG=1",
					"$(inherited)",
				);
				INFOPLIST_FILE = APITestTests/Info.plist;
				LD_RUNPATH_SEARCH_PATHS = "$(inherited) @executable_path/Frameworks @loader_path/Frameworks";
				PRODUCT_NAME = "$(TARGET_NAME)";
				TEST_HOST = "$(BUILT_PRODUCTS_DIR)/APITest.app/APITest";
			};
			name = Debug;
		};
		8DEBCA291D60A7B100F83AD6 /* Release */ = {
			isa = XCBuildConfiguration;
			buildSettings = {
				BUNDLE_LOADER = "$(TEST_HOST)";
				FRAMEWORK_SEARCH_PATHS = (
					"$(SDKROOT)/Developer/Library/Frameworks",
					"$(inherited)",
				);
				INFOPLIST_FILE = APITestTests/Info.plist;
				LD_RUNPATH_SEARCH_PATHS = "$(inherited) @executable_path/Frameworks @loader_path/Frameworks";
				PRODUCT_NAME = "$(TARGET_NAME)";
				TEST_HOST = "$(BUILT_PRODUCTS_DIR)/APITest.app/APITest";
			};
			name = Release;
		};
/* End XCBuildConfiguration section */

/* Begin XCConfigurationList section */
		8DEBC9F91D60A7B100F83AD6 /* Build configuration list for PBXProject "APITest" */ = {
			isa = XCConfigurationList;
			buildConfigurations = (
				8DEBCA221D60A7B100F83AD6 /* Debug */,
				8DEBCA231D60A7B100F83AD6 /* Release */,
			);
			defaultConfigurationIsVisible = 0;
			defaultConfigurationName = Release;
		};
		8DEBCA241D60A7B100F83AD6 /* Build configuration list for PBXNativeTarget "APITest" */ = {
			isa = XCConfigurationList;
			buildConfigurations = (
				8DEBCA251D60A7B100F83AD6 /* Debug */,
				8DEBCA261D60A7B100F83AD6 /* Release */,
			);
			defaultConfigurationIsVisible = 0;
		};
		8DEBCA271D60A7B100F83AD6 /* Build configuration list for PBXNativeTarget "APITestTests" */ = {
			isa = XCConfigurationList;
			buildConfigurations = (
				8DEBCA281D60A7B100F83AD6 /* Debug */,
				8DEBCA291D60A7B100F83AD6 /* Release */,
			);
			defaultConfigurationIsVisible = 0;
		};
/* End XCConfigurationList section */

/* Begin XCVersionGroup section */
		8DEBCA081D60A7B100F83AD6 /* APITest.xcdatamodeld */ = {
			isa = XCVersionGroup;
			children = (
				8DEBCA091D60A7B100F83AD6 /* APITest.xcdatamodel */,
			);
			currentVersion = 8DEBCA091D60A7B100F83AD6 /* APITest.xcdatamodel */;
			path = APITest.xcdatamodeld;
			sourceTree = "<group>";
			versionGroupType = wrapper.xcdatamodel;
		};
/* End XCVersionGroup section */
	};
	rootObject = 8DEBC9F61D60A7B100F83AD6 /* Project object */;
}
